Microsoft Visual Studio Solution File, Format Version 12.00
# Visual Studio 14
VisualStudioVersion = 14.0.25420.1
MinimumVisualStudioVersion = 10.0.40219.1
Project("{FAE04EC0-301F-11D3-BF4B-00C04F79EFBC}") = "UWP", "UWP\UWP.csproj", "{6BB9CE15-D4DE-42C2-A04A-032236889D9B}"
EndProject
Project("{2150E333-8FDC-42A3-9474-1A3956D46DE8}") = "Solution Items", "Solution Items", "{EB802F83-E581-4C4B-9B16-7D00D66C9329}"
	ProjectSection(SolutionItems) = preProject
		GCop.json = GCop.json
		Nuget.nuspec = Nuget.nuspec
	EndProjectSection
EndProject
Project("{FAE04EC0-301F-11D3-BF4B-00C04F79EFBC}") = "Android", "Android\Android.csproj", "{82D04635-02D8-4DC6-8CFF-EEDEF41D32F2}"
EndProject
Project("{FAE04EC0-301F-11D3-BF4B-00C04F79EFBC}") = "IOS", "IOS\IOS.csproj", "{CD12EB36-3E11-4294-9B0D-6687E420E705}"
EndProject
Project("{D954291E-2A0B-460D-934E-DC6B0785DB48}") = "Shared", "Shared\Shared.shproj", "{AA1BFA17-AAF3-4692-8354-EAFAD4A9D103}"
EndProject
Global
	GlobalSection(SharedMSBuildProjectFiles) = preSolution
		Shared\Shared.projitems*{6bb9ce15-d4de-42c2-a04a-032236889d9b}*SharedItemsImports = 4
		Shared\Shared.projitems*{82d04635-02d8-4dc6-8cff-eedef41d32f2}*SharedItemsImports = 4
		Shared\Shared.projitems*{aa1bfa17-aaf3-4692-8354-eafad4a9d103}*SharedItemsImports = 13
		Shared\Shared.projitems*{cd12eb36-3e11-4294-9b0d-6687e420e705}*SharedItemsImports = 4
	EndGlobalSection
	GlobalSection(SolutionConfigurationPlatforms) = preSolution
		Ad-Hoc|Any CPU = Ad-Hoc|Any CPU
		Ad-Hoc|ARM = Ad-Hoc|ARM
		Ad-Hoc|iPhone = Ad-Hoc|iPhone
		Ad-Hoc|iPhoneSimulator = Ad-Hoc|iPhoneSimulator
		Ad-Hoc|x64 = Ad-Hoc|x64
		Ad-Hoc|x86 = Ad-Hoc|x86
		AppStore|Any CPU = AppStore|Any CPU
		AppStore|ARM = AppStore|ARM
		AppStore|iPhone = AppStore|iPhone
		AppStore|iPhoneSimulator = AppStore|iPhoneSimulator
		AppStore|x64 = AppStore|x64
		AppStore|x86 = AppStore|x86
		Debug|Any CPU = Debug|Any CPU
		Debug|ARM = Debug|ARM
		Debug|iPhone = Debug|iPhone
		Debug|iPhoneSimulator = Debug|iPhoneSimulator
		Debug|x64 = Debug|x64
		Debug|x86 = Debug|x86
		Release|Any CPU = Release|Any CPU
		Release|ARM = Release|ARM
		Release|iPhone = Release|iPhone
		Release|iPhoneSimulator = Release|iPhoneSimulator
		Release|x64 = Release|x64
		Release|x86 = Release|x86
	EndGlobalSection
	GlobalSection(ProjectConfigurationPlatforms) = postSolution
		{6BB9CE15-D4DE-42C2-A04A-032236889D9B}.Ad-Hoc|Any CPU.ActiveCfg = Release|Any CPU
		{6BB9CE15-D4DE-42C2-A04A-032236889D9B}.Ad-Hoc|Any CPU.Build.0 = Release|Any CPU
		{6BB9CE15-D4DE-42C2-A04A-032236889D9B}.Ad-Hoc|ARM.ActiveCfg = Release|ARM
		{6BB9CE15-D4DE-42C2-A04A-032236889D9B}.Ad-Hoc|ARM.Build.0 = Release|ARM
		{6BB9CE15-D4DE-42C2-A04A-032236889D9B}.Ad-Hoc|iPhone.ActiveCfg = Release|Any CPU
		{6BB9CE15-D4DE-42C2-A04A-032236889D9B}.Ad-Hoc|iPhone.Build.0 = Release|Any CPU
		{6BB9CE15-D4DE-42C2-A04A-032236889D9B}.Ad-Hoc|iPhoneSimulator.ActiveCfg = Release|Any CPU
		{6BB9CE15-D4DE-42C2-A04A-032236889D9B}.Ad-Hoc|iPhoneSimulator.Build.0 = Release|Any CPU
		{6BB9CE15-D4DE-42C2-A04A-032236889D9B}.Ad-Hoc|x64.ActiveCfg = Release|x64
		{6BB9CE15-D4DE-42C2-A04A-032236889D9B}.Ad-Hoc|x64.Build.0 = Release|x64
		{6BB9CE15-D4DE-42C2-A04A-032236889D9B}.Ad-Hoc|x86.ActiveCfg = Release|x86
		{6BB9CE15-D4DE-42C2-A04A-032236889D9B}.Ad-Hoc|x86.Build.0 = Release|x86
		{6BB9CE15-D4DE-42C2-A04A-032236889D9B}.AppStore|Any CPU.ActiveCfg = Release|Any CPU
		{6BB9CE15-D4DE-42C2-A04A-032236889D9B}.AppStore|Any CPU.Build.0 = Release|Any CPU
		{6BB9CE15-D4DE-42C2-A04A-032236889D9B}.AppStore|ARM.ActiveCfg = Release|ARM
		{6BB9CE15-D4DE-42C2-A04A-032236889D9B}.AppStore|ARM.Build.0 = Release|ARM
		{6BB9CE15-D4DE-42C2-A04A-032236889D9B}.AppStore|iPhone.ActiveCfg = Release|Any CPU
		{6BB9CE15-D4DE-42C2-A04A-032236889D9B}.AppStore|iPhone.Build.0 = Release|Any CPU
		{6BB9CE15-D4DE-42C2-A04A-032236889D9B}.AppStore|iPhoneSimulator.ActiveCfg = Release|Any CPU
		{6BB9CE15-D4DE-42C2-A04A-032236889D9B}.AppStore|iPhoneSimulator.Build.0 = Release|Any CPU
		{6BB9CE15-D4DE-42C2-A04A-032236889D9B}.AppStore|x64.ActiveCfg = Release|x64
		{6BB9CE15-D4DE-42C2-A04A-032236889D9B}.AppStore|x64.Build.0 = Release|x64
		{6BB9CE15-D4DE-42C2-A04A-032236889D9B}.AppStore|x86.ActiveCfg = Release|x86
		{6BB9CE15-D4DE-42C2-A04A-032236889D9B}.AppStore|x86.Build.0 = Release|x86
		{6BB9CE15-D4DE-42C2-A04A-032236889D9B}.Debug|Any CPU.ActiveCfg = Debug|Any CPU
		{6BB9CE15-D4DE-42C2-A04A-032236889D9B}.Debug|Any CPU.Build.0 = Debug|Any CPU
		{6BB9CE15-D4DE-42C2-A04A-032236889D9B}.Debug|ARM.ActiveCfg = Debug|ARM
		{6BB9CE15-D4DE-42C2-A04A-032236889D9B}.Debug|ARM.Build.0 = Debug|ARM
		{6BB9CE15-D4DE-42C2-A04A-032236889D9B}.Debug|iPhone.ActiveCfg = Debug|Any CPU
		{6BB9CE15-D4DE-42C2-A04A-032236889D9B}.Debug|iPhone.Build.0 = Debug|Any CPU
		{6BB9CE15-D4DE-42C2-A04A-032236889D9B}.Debug|iPhoneSimulator.ActiveCfg = Debug|Any CPU
		{6BB9CE15-D4DE-42C2-A04A-032236889D9B}.Debug|iPhoneSimulator.Build.0 = Debug|Any CPU
		{6BB9CE15-D4DE-42C2-A04A-032236889D9B}.Debug|x64.ActiveCfg = Debug|x64
		{6BB9CE15-D4DE-42C2-A04A-032236889D9B}.Debug|x64.Build.0 = Debug|x64
		{6BB9CE15-D4DE-42C2-A04A-032236889D9B}.Debug|x86.ActiveCfg = Debug|x86
		{6BB9CE15-D4DE-42C2-A04A-032236889D9B}.Debug|x86.Build.0 = Debug|x86
		{6BB9CE15-D4DE-42C2-A04A-032236889D9B}.Release|Any CPU.ActiveCfg = Release|Any CPU
		{6BB9CE15-D4DE-42C2-A04A-032236889D9B}.Release|Any CPU.Build.0 = Release|Any CPU
		{6BB9CE15-D4DE-42C2-A04A-032236889D9B}.Release|ARM.ActiveCfg = Release|ARM
		{6BB9CE15-D4DE-42C2-A04A-032236889D9B}.Release|ARM.Build.0 = Release|ARM
		{6BB9CE15-D4DE-42C2-A04A-032236889D9B}.Release|iPhone.ActiveCfg = Release|Any CPU
		{6BB9CE15-D4DE-42C2-A04A-032236889D9B}.Release|iPhone.Build.0 = Release|Any CPU
		{6BB9CE15-D4DE-42C2-A04A-032236889D9B}.Release|iPhoneSimulator.ActiveCfg = Release|Any CPU
		{6BB9CE15-D4DE-42C2-A04A-032236889D9B}.Release|iPhoneSimulator.Build.0 = Release|Any CPU
		{6BB9CE15-D4DE-42C2-A04A-032236889D9B}.Release|x64.ActiveCfg = Release|x64
		{6BB9CE15-D4DE-42C2-A04A-032236889D9B}.Release|x64.Build.0 = Release|x64
		{6BB9CE15-D4DE-42C2-A04A-032236889D9B}.Release|x86.ActiveCfg = Release|x86
		{6BB9CE15-D4DE-42C2-A04A-032236889D9B}.Release|x86.Build.0 = Release|x86
		{82D04635-02D8-4DC6-8CFF-EEDEF41D32F2}.Ad-Hoc|Any CPU.ActiveCfg = Release|Any CPU
		{82D04635-02D8-4DC6-8CFF-EEDEF41D32F2}.Ad-Hoc|Any CPU.Build.0 = Release|Any CPU
		{82D04635-02D8-4DC6-8CFF-EEDEF41D32F2}.Ad-Hoc|ARM.ActiveCfg = Release|Any CPU
		{82D04635-02D8-4DC6-8CFF-EEDEF41D32F2}.Ad-Hoc|ARM.Build.0 = Release|Any CPU
		{82D04635-02D8-4DC6-8CFF-EEDEF41D32F2}.Ad-Hoc|iPhone.ActiveCfg = Release|Any CPU
		{82D04635-02D8-4DC6-8CFF-EEDEF41D32F2}.Ad-Hoc|iPhone.Build.0 = Release|Any CPU
		{82D04635-02D8-4DC6-8CFF-EEDEF41D32F2}.Ad-Hoc|iPhoneSimulator.ActiveCfg = Release|Any CPU
		{82D04635-02D8-4DC6-8CFF-EEDEF41D32F2}.Ad-Hoc|iPhoneSimulator.Build.0 = Release|Any CPU
		{82D04635-02D8-4DC6-8CFF-EEDEF41D32F2}.Ad-Hoc|x64.ActiveCfg = Release|Any CPU
		{82D04635-02D8-4DC6-8CFF-EEDEF41D32F2}.Ad-Hoc|x64.Build.0 = Release|Any CPU
		{82D04635-02D8-4DC6-8CFF-EEDEF41D32F2}.Ad-Hoc|x86.ActiveCfg = Release|Any CPU
		{82D04635-02D8-4DC6-8CFF-EEDEF41D32F2}.Ad-Hoc|x86.Build.0 = Release|Any CPU
		{82D04635-02D8-4DC6-8CFF-EEDEF41D32F2}.AppStore|Any CPU.ActiveCfg = Release|Any CPU
		{82D04635-02D8-4DC6-8CFF-EEDEF41D32F2}.AppStore|Any CPU.Build.0 = Release|Any CPU
		{82D04635-02D8-4DC6-8CFF-EEDEF41D32F2}.AppStore|ARM.ActiveCfg = Release|Any CPU
		{82D04635-02D8-4DC6-8CFF-EEDEF41D32F2}.AppStore|ARM.Build.0 = Release|Any CPU
		{82D04635-02D8-4DC6-8CFF-EEDEF41D32F2}.AppStore|iPhone.ActiveCfg = Release|Any CPU
		{82D04635-02D8-4DC6-8CFF-EEDEF41D32F2}.AppStore|iPhone.Build.0 = Release|Any CPU
		{82D04635-02D8-4DC6-8CFF-EEDEF41D32F2}.AppStore|iPhoneSimulator.ActiveCfg = Release|Any CPU
		{82D04635-02D8-4DC6-8CFF-EEDEF41D32F2}.AppStore|iPhoneSimulator.Build.0 = Release|Any CPU
		{82D04635-02D8-4DC6-8CFF-EEDEF41D32F2}.AppStore|x64.ActiveCfg = Release|Any CPU
		{82D04635-02D8-4DC6-8CFF-EEDEF41D32F2}.AppStore|x64.Build.0 = Release|Any CPU
		{82D04635-02D8-4DC6-8CFF-EEDEF41D32F2}.AppStore|x86.ActiveCfg = Release|Any CPU
		{82D04635-02D8-4DC6-8CFF-EEDEF41D32F2}.AppStore|x86.Build.0 = Release|Any CPU
		{82D04635-02D8-4DC6-8CFF-EEDEF41D32F2}.Debug|Any CPU.ActiveCfg = Debug|Any CPU
		{82D04635-02D8-4DC6-8CFF-EEDEF41D32F2}.Debug|Any CPU.Build.0 = Debug|Any CPU
		{82D04635-02D8-4DC6-8CFF-EEDEF41D32F2}.Debug|ARM.ActiveCfg = Debug|Any CPU
		{82D04635-02D8-4DC6-8CFF-EEDEF41D32F2}.Debug|ARM.Build.0 = Debug|Any CPU
		{82D04635-02D8-4DC6-8CFF-EEDEF41D32F2}.Debug|iPhone.ActiveCfg = Debug|Any CPU
		{82D04635-02D8-4DC6-8CFF-EEDEF41D32F2}.Debug|iPhone.Build.0 = Debug|Any CPU
		{82D04635-02D8-4DC6-8CFF-EEDEF41D32F2}.Debug|iPhoneSimulator.ActiveCfg = Debug|Any CPU
		{82D04635-02D8-4DC6-8CFF-EEDEF41D32F2}.Debug|iPhoneSimulator.Build.0 = Debug|Any CPU
		{82D04635-02D8-4DC6-8CFF-EEDEF41D32F2}.Debug|x64.ActiveCfg = Debug|Any CPU
		{82D04635-02D8-4DC6-8CFF-EEDEF41D32F2}.Debug|x64.Build.0 = Debug|Any CPU
		{82D04635-02D8-4DC6-8CFF-EEDEF41D32F2}.Debug|x86.ActiveCfg = Debug|Any CPU
		{82D04635-02D8-4DC6-8CFF-EEDEF41D32F2}.Debug|x86.Build.0 = Debug|Any CPU
		{82D04635-02D8-4DC6-8CFF-EEDEF41D32F2}.Release|Any CPU.ActiveCfg = Release|Any CPU
		{82D04635-02D8-4DC6-8CFF-EEDEF41D32F2}.Release|Any CPU.Build.0 = Release|Any CPU
		{82D04635-02D8-4DC6-8CFF-EEDEF41D32F2}.Release|ARM.ActiveCfg = Release|Any CPU
		{82D04635-02D8-4DC6-8CFF-EEDEF41D32F2}.Release|ARM.Build.0 = Release|Any CPU
		{82D04635-02D8-4DC6-8CFF-EEDEF41D32F2}.Release|iPhone.ActiveCfg = Release|Any CPU
		{82D04635-02D8-4DC6-8CFF-EEDEF41D32F2}.Release|iPhone.Build.0 = Release|Any CPU
		{82D04635-02D8-4DC6-8CFF-EEDEF41D32F2}.Release|iPhoneSimulator.ActiveCfg = Release|Any CPU
		{82D04635-02D8-4DC6-8CFF-EEDEF41D32F2}.Release|iPhoneSimulator.Build.0 = Release|Any CPU
		{82D04635-02D8-4DC6-8CFF-EEDEF41D32F2}.Release|x64.ActiveCfg = Release|Any CPU
		{82D04635-02D8-4DC6-8CFF-EEDEF41D32F2}.Release|x64.Build.0 = Release|Any CPU
		{82D04635-02D8-4DC6-8CFF-EEDEF41D32F2}.Release|x86.ActiveCfg = Release|Any CPU
		{82D04635-02D8-4DC6-8CFF-EEDEF41D32F2}.Release|x86.Build.0 = Release|Any CPU
		{CD12EB36-3E11-4294-9B0D-6687E420E705}.Ad-Hoc|Any CPU.ActiveCfg = Release|Any CPU
		{CD12EB36-3E11-4294-9B0D-6687E420E705}.Ad-Hoc|Any CPU.Build.0 = Release|Any CPU
		{CD12EB36-3E11-4294-9B0D-6687E420E705}.Ad-Hoc|ARM.ActiveCfg = Release|Any CPU
		{CD12EB36-3E11-4294-9B0D-6687E420E705}.Ad-Hoc|ARM.Build.0 = Release|Any CPU
		{CD12EB36-3E11-4294-9B0D-6687E420E705}.Ad-Hoc|iPhone.ActiveCfg = Release|Any CPU
		{CD12EB36-3E11-4294-9B0D-6687E420E705}.Ad-Hoc|iPhone.Build.0 = Release|Any CPU
		{CD12EB36-3E11-4294-9B0D-6687E420E705}.Ad-Hoc|iPhoneSimulator.ActiveCfg = Release|Any CPU
		{CD12EB36-3E11-4294-9B0D-6687E420E705}.Ad-Hoc|iPhoneSimulator.Build.0 = Release|Any CPU
		{CD12EB36-3E11-4294-9B0D-6687E420E705}.Ad-Hoc|x64.ActiveCfg = Release|Any CPU
		{CD12EB36-3E11-4294-9B0D-6687E420E705}.Ad-Hoc|x64.Build.0 = Release|Any CPU
		{CD12EB36-3E11-4294-9B0D-6687E420E705}.Ad-Hoc|x86.ActiveCfg = Release|Any CPU
		{CD12EB36-3E11-4294-9B0D-6687E420E705}.Ad-Hoc|x86.Build.0 = Release|Any CPU
		{CD12EB36-3E11-4294-9B0D-6687E420E705}.AppStore|Any CPU.ActiveCfg = Release|Any CPU
		{CD12EB36-3E11-4294-9B0D-6687E420E705}.AppStore|Any CPU.Build.0 = Release|Any CPU
		{CD12EB36-3E11-4294-9B0D-6687E420E705}.AppStore|ARM.ActiveCfg = Release|Any CPU
		{CD12EB36-3E11-4294-9B0D-6687E420E705}.AppStore|ARM.Build.0 = Release|Any CPU
		{CD12EB36-3E11-4294-9B0D-6687E420E705}.AppStore|iPhone.ActiveCfg = Release|Any CPU
		{CD12EB36-3E11-4294-9B0D-6687E420E705}.AppStore|iPhone.Build.0 = Release|Any CPU
		{CD12EB36-3E11-4294-9B0D-6687E420E705}.AppStore|iPhoneSimulator.ActiveCfg = Release|Any CPU
		{CD12EB36-3E11-4294-9B0D-6687E420E705}.AppStore|iPhoneSimulator.Build.0 = Release|Any CPU
		{CD12EB36-3E11-4294-9B0D-6687E420E705}.AppStore|x64.ActiveCfg = Release|Any CPU
		{CD12EB36-3E11-4294-9B0D-6687E420E705}.AppStore|x64.Build.0 = Release|Any CPU
		{CD12EB36-3E11-4294-9B0D-6687E420E705}.AppStore|x86.ActiveCfg = Release|Any CPU
		{CD12EB36-3E11-4294-9B0D-6687E420E705}.AppStore|x86.Build.0 = Release|Any CPU
		{CD12EB36-3E11-4294-9B0D-6687E420E705}.Debug|Any CPU.ActiveCfg = Debug|Any CPU
		{CD12EB36-3E11-4294-9B0D-6687E420E705}.Debug|Any CPU.Build.0 = Debug|Any CPU
		{CD12EB36-3E11-4294-9B0D-6687E420E705}.Debug|ARM.ActiveCfg = Debug|Any CPU
		{CD12EB36-3E11-4294-9B0D-6687E420E705}.Debug|ARM.Build.0 = Debug|Any CPU
		{CD12EB36-3E11-4294-9B0D-6687E420E705}.Debug|iPhone.ActiveCfg = Debug|Any CPU
		{CD12EB36-3E11-4294-9B0D-6687E420E705}.Debug|iPhone.Build.0 = Debug|Any CPU
		{CD12EB36-3E11-4294-9B0D-6687E420E705}.Debug|iPhoneSimulator.ActiveCfg = Debug|Any CPU
		{CD12EB36-3E11-4294-9B0D-6687E420E705}.Debug|iPhoneSimulator.Build.0 = Debug|Any CPU
		{CD12EB36-3E11-4294-9B0D-6687E420E705}.Debug|x64.ActiveCfg = Debug|Any CPU
		{CD12EB36-3E11-4294-9B0D-6687E420E705}.Debug|x64.Build.0 = Debug|Any CPU
		{CD12EB36-3E11-4294-9B0D-6687E420E705}.Debug|x86.ActiveCfg = Debug|Any CPU
		{CD12EB36-3E11-4294-9B0D-6687E420E705}.Debug|x86.Build.0 = Debug|Any CPU
		{CD12EB36-3E11-4294-9B0D-6687E420E705}.Release|Any CPU.ActiveCfg = Release|Any CPU
		{CD12EB36-3E11-4294-9B0D-6687E420E705}.Release|Any CPU.Build.0 = Release|Any CPU
		{CD12EB36-3E11-4294-9B0D-6687E420E705}.Release|ARM.ActiveCfg = Release|Any CPU
		{CD12EB36-3E11-4294-9B0D-6687E420E705}.Release|ARM.Build.0 = Release|Any CPU
		{CD12EB36-3E11-4294-9B0D-6687E420E705}.Release|iPhone.ActiveCfg = Release|Any CPU
		{CD12EB36-3E11-4294-9B0D-6687E420E705}.Release|iPhone.Build.0 = Release|Any CPU
		{CD12EB36-3E11-4294-9B0D-6687E420E705}.Release|iPhoneSimulator.ActiveCfg = Release|Any CPU
		{CD12EB36-3E11-4294-9B0D-6687E420E705}.Release|iPhoneSimulator.Build.0 = Release|Any CPU
		{CD12EB36-3E11-4294-9B0D-6687E420E705}.Release|x64.ActiveCfg = Release|Any CPU
		{CD12EB36-3E11-4294-9B0D-6687E420E705}.Release|x64.Build.0 = Release|Any CPU
		{CD12EB36-3E11-4294-9B0D-6687E420E705}.Release|x86.ActiveCfg = Release|Any CPU
		{CD12EB36-3E11-4294-9B0D-6687E420E705}.Release|x86.Build.0 = Release|Any CPU
	EndGlobalSection
	GlobalSection(SolutionProperties) = preSolution
		HideSolutionNode = FALSE
	EndGlobalSection
EndGlobal
